
Microsoft Visual Studio Solution File, Format Version 12.00
# Visual Studio Version 16
VisualStudioVersion = 16.0.30204.135
MinimumVisualStudioVersion = 10.0.40219.1
Project("{FAE04EC0-301F-11D3-BF4B-00C04F79EFBC}") = "MvcEmployeesApp", "MvcEmployeesApp\MvcEmployeesApp.csproj", "{1AF53775-745A-41DA-9226-04BAF00AE24A}"
EndProject
Project("{FAE04EC0-301F-11D3-BF4B-00C04F79EFBC}") = "DataAccessLayer", "DataAccessLayer\DataAccessLayer.csproj", "{E5C21920-9BC2-496F-A488-8D1F5CCB59B6}"
EndProject
Project("{FAE04EC0-301F-11D3-BF4B-00C04F79EFBC}") = "Models", "Models\Models.csproj", "{60612C38-AB47-4913-8A41-A28CEA41D09A}"
EndProject
Project("{2150E333-8FDC-42A3-9474-1A3956D46DE8}") = "db", "db", "{085FE579-7D32-45BA-8D2B-3AD14A09A607}"
	ProjectSection(SolutionItems) = preProject
		..\..\..\..\..\BACKUP\employeedb.bak = ..\..\..\..\..\BACKUP\employeedb.bak
	EndProjectSection
EndProject
Global
	GlobalSection(SolutionConfigurationPlatforms) = preSolution
		Debug|Any CPU = Debug|Any CPU
		Release|Any CPU = Release|Any CPU
	EndGlobalSection
	GlobalSection(ProjectConfigurationPlatforms) = postSolution
		{1AF53775-745A-41DA-9226-04BAF00AE24A}.Debug|Any CPU.ActiveCfg = Debug|Any CPU
		{1AF53775-745A-41DA-9226-04BAF00AE24A}.Debug|Any CPU.Build.0 = Debug|Any CPU
		{1AF53775-745A-41DA-9226-04BAF00AE24A}.Release|Any CPU.ActiveCfg = Release|Any CPU
		{1AF53775-745A-41DA-9226-04BAF00AE24A}.Release|Any CPU.Build.0 = Release|Any CPU
		{E5C21920-9BC2-496F-A488-8D1F5CCB59B6}.Debug|Any CPU.ActiveCfg = Debug|Any CPU
		{E5C21920-9BC2-496F-A488-8D1F5CCB59B6}.Debug|Any CPU.Build.0 = Debug|Any CPU
		{E5C21920-9BC2-496F-A488-8D1F5CCB59B6}.Release|Any CPU.ActiveCfg = Release|Any CPU
		{E5C21920-9BC2-496F-A488-8D1F5CCB59B6}.Release|Any CPU.Build.0 = Release|Any CPU
		{60612C38-AB47-4913-8A41-A28CEA41D09A}.Debug|Any CPU.ActiveCfg = Debug|Any CPU
		{60612C38-AB47-4913-8A41-A28CEA41D09A}.Debug|Any CPU.Build.0 = Debug|Any CPU
		{60612C38-AB47-4913-8A41-A28CEA41D09A}.Release|Any CPU.ActiveCfg = Release|Any CPU
		{60612C38-AB47-4913-8A41-A28CEA41D09A}.Release|Any CPU.Build.0 = Release|Any CPU
	EndGlobalSection
	GlobalSection(SolutionProperties) = preSolution
		HideSolutionNode = FALSE
	EndGlobalSection
	GlobalSection(ExtensibilityGlobals) = postSolution
		SolutionGuid = {8BF431A0-326D-4E2E-8B18-6604506376C5}
	EndGlobalSection
EndGlobal
